// !$*UTF8*$!
{
	archiveVersion = 1;
	classes = {
	};
	objectVersion = 46;
	objects = {

/* Begin PBXBuildFile section */
		C9F0F7601B75FE3F0047714E /* AppDelegate.swift in Sources */ = {isa = PBXBuildFile; fileRef = C9F0F75F1B75FE3F0047714E /* AppDelegate.swift */; };
		C9F0F7621B75FE3F0047714E /* ViewController.swift in Sources */ = {isa = PBXBuildFile; fileRef = C9F0F7611B75FE3F0047714E /* ViewController.swift */; };
		C9F0F7651B75FE3F0047714E /* Main.storyboard in Resources */ = {isa = PBXBuildFile; fileRef = C9F0F7631B75FE3F0047714E /* Main.storyboard */; };
		C9F0F7671B75FE3F0047714E /* Assets.xcassets in Resources */ = {isa = PBXBuildFile; fileRef = C9F0F7661B75FE3F0047714E /* Assets.xcassets */; };
		C9F0F76A1B75FE3F0047714E /* LaunchScreen.storyboard in Resources */ = {isa = PBXBuildFile; fileRef = C9F0F7681B75FE3F0047714E /* LaunchScreen.storyboard */; };
/* End PBXBuildFile section */

/* Begin PBXFileReference section */
		C9F0F75C1B75FE3F0047714E /* Sample.app */ = {isa = PBXFileReference; explicitFileType = wrapper.application; includeInIndex = 0; path = Sample.app; sourceTree = BUILT_PRODUCTS_DIR; };
		C9F0F75F1B75FE3F0047714E /* AppDelegate.swift */ = {isa = PBXFileReference; lastKnownFileType = sourcecode.swift; path = AppDelegate.swift; sourceTree = "<group>"; };
		C9F0F7611B75FE3F0047714E /* ViewController.swift */ = {isa = PBXFileReference; lastKnownFileType = sourcecode.swift; path = ViewController.swift; sourceTree = "<group>"; };
		C9F0F7641B75FE3F0047714E /* Base */ = {isa = PBXFileReference; lastKnownFileType = file.storyboard; name = Base; path = Base.lproj/Main.storyboard; sourceTree = "<group>"; };
		C9F0F7661B75FE3F0047714E /* Assets.xcassets */ = {isa = PBXFileReference; lastKnownFileType = folder.assetcatalog; path = Assets.xcassets; sourceTree = "<group>"; };
		C9F0F7691B75FE3F0047714E /* Base */ = {isa = PBXFileReference; lastKnownFileType = file.storyboard; name = Base; path = Base.lproj/LaunchScreen.storyboard; sourceTree = "<group>"; };
		C9F0F76B1B75FE3F0047714E /* Info.plist */ = {isa = PBXFileReference; lastKnownFileType = text.plist.xml; path = Info.plist; sourceTree = "<group>"; };
/* End PBXFileReference section */

/* Begin PBXFrameworksBuildPhase section */
		C9F0F7591B75FE3F0047714E /* Frameworks */ = {
			isa = PBXFrameworksBuildPhase;
			buildActionMask = 2147483647;
			files = (
			);
			runOnlyForDeploymentPostprocessing = 0;
		};
/* End PBXFrameworksBuildPhase section */

/* Begin PBXGroup section */
		C9F0F7531B75FE3F0047714E = {
			isa = PBXGroup;
			children = (
				C9F0F75E1B75FE3F0047714E /* Sample */,
				C9F0F75D1B75FE3F0047714E /* Products */,
			);
			sourceTree = "<group>";
		};
		C9F0F75D1B75FE3F0047714E /* Products */ = {
			isa = PBXGroup;
			children = (
				C9F0F75C1B75FE3F0047714E /* Sample.app */,
			);
			name = Products;
			sourceTree = "<group>";
		};
		C9F0F75E1B75FE3F0047714E /* Sample */ = {
			isa = PBXGroup;
			children = (
				C9F0F75F1B75FE3F0047714E /* AppDelegate.swift */,
				C9F0F7611B75FE3F0047714E /* ViewController.swift */,
				C9F0F7631B75FE3F0047714E /* Main.storyboard */,
				C9F0F7661B75FE3F0047714E /* Assets.xcassets */,
				C9F0F7681B75FE3F0047714E /* LaunchScreen.storyboard */,
				C9F0F76B1B75FE3F0047714E /* Info.plist */,
			);
			path = Sample;
			sourceTree = "<group>";
		};
/* End PBXGroup section */

/* Begin PBXNativeTarget section */
		C9F0F75B1B75FE3F0047714E /* Sample */ = {
			isa = PBXNativeTarget;
			buildConfigurationList = C9F0F76E1B75FE3F0047714E /* Build configuration list for PBXNativeTarget "Sample" */;
			buildPhases = (
				C9F0F7581B75FE3F0047714E /* Sources */,
				C9F0F7591B75FE3F0047714E /* Frameworks */,
				C9F0F75A1B75FE3F0047714E /* Resources */,
			);
			buildRules = (
			);
			dependencies = (
			);
			name = Sample;
			productName = Sample;
			productReference = C9F0F75C1B75FE3F0047714E /* Sample.app */;
			productType = "com.apple.product-type.application";
		};
/* End PBXNativeTarget section */

/* Begin PBXProject section */
		C9F0F7541B75FE3F0047714E /* Project object */ = {
			isa = PBXProject;
			attributes = {
				LastUpgradeCheck = 0700;
				ORGANIZATIONNAME = "Varma Kammili";
				TargetAttributes = {
					C9F0F75B1B75FE3F0047714E = {
						CreatedOnToolsVersion = 7.0;
					};
				};
			};
			buildConfigurationList = C9F0F7571B75FE3F0047714E /* Build configuration list for PBXProject "Sample" */;
			compatibilityVersion = "Xcode 3.2";
			developmentRegion = English;
			hasScannedForEncodings = 0;
			knownRegions = (
				en,
				Base,
			);
			mainGroup = C9F0F7531B75FE3F0047714E;
			productRefGroup = C9F0F75D1B75FE3F0047714E /* Products */;
			projectDirPath = "";
			projectRoot = "";
			targets = (
				C9F0F75B1B75FE3F0047714E /* Sample */,
			);
		};
/* End PBXProject section */

/* Begin PBXResourcesBuildPhase section */
		C9F0F75A1B75FE3F0047714E /* Resources */ = {
			isa = PBXResourcesBuildPhase;
			buildActionMask = 2147483647;
			files = (
				C9F0F76A1B75FE3F0047714E /* LaunchScreen.storyboard in Resources */,
				C9F0F7671B75FE3F0047714E /* Assets.xcassets in Resources */,
				C9F0F7651B75FE3F0047714E /* Main.storyboard in Resources */,
			);
			runOnlyForDeploymentPostprocessing = 0;
		};
/* End PBXResourcesBuildPhase section */

/* Begin PBXSourcesBuildPhase section */
		C9F0F7581B75FE3F0047714E /* Sources */ = {
			isa = PBXSourcesBuildPhase;
			buildActionMask = 2147483647;
			files = (
				C9F0F7621B75FE3F0047714E /* ViewController.swift in Sources */,
				C9F0F7601B75FE3F0047714E /* AppDelegate.swift in Sources */,
			);
			runOnlyForDeploymentPostprocessing = 0;
		};
/* End PBXSourcesBuildPhase section */

/* Begin PBXVariantGroup section */
		C9F0F7631B75FE3F0047714E /* Main.storyboard */ = {
			isa = PBXVariantGroup;
			children = (
				C9F0F7641B75FE3F0047714E /* Base */,
			);
			name = Main.storyboard;
			sourceTree = "<group>";
		};
		C9F0F7681B75FE3F0047714E /* LaunchScreen.storyboard */ = {
			isa = PBXVariantGroup;
			children = (
				C9F0F7691B75FE3F0047714E /* Base */,
			);
			name = LaunchScreen.storyboard;
			sourceTree = "<group>";
		};
/* End PBXVariantGroup section */

/* Begin XCBuildConfiguration section */
		C9F0F76C1B75FE3F0047714E /* Debug */ = {
			isa = XCBuildConfiguration;
			buildSettings = {
				ALWAYS_SEARCH_USER_PATHS = NO;
				CLANG_CXX_LANGUAGE_STANDARD = "gnu++0x";
				CLANG_CXX_LIBRARY = "libc++";
				CLANG_ENABLE_MODULES = YES;
				CLANG_ENABLE_OBJC_ARC = YES;
				CLANG_WARN_BOOL_CONVERSION = YES;
				CLANG_WARN_CONSTANT_CONVERSION = YES;
				CLANG_WARN_DIRECT_OBJC_ISA_USAGE = YES_ERROR;
				CLANG_WARN_EMPTY_BODY = YES;
				CLANG_WARN_ENUM_CONVERSION = YES;
				CLANG_WARN_INT_CONVERSION = YES;
				CLANG_WARN_OBJC_ROOT_CLASS = YES_ERROR;
				CLANG_WARN_UNREACHABLE_CODE = YES;
				CLANG_WARN__DUPLICATE_METHOD_MATCH = YES;
				"CODE_SIGN_IDENTITY[sdk=iphoneos*]" = "iPhone Developer";
				COPY_PHASE_STRIP = NO;
				DEBUG_INFORMATION_FORMAT = dwarf;
				ENABLE_STRICT_OBJC_MSGSEND = YES;
				ENABLE_TESTABILITY = YES;
				GCC_C_LANGUAGE_STANDARD = gnu99;
				GCC_DYNAMIC_NO_PIC = NO;
				GCC_NO_COMMON_BLOCKS = YES;
				GCC_OPTIMIZATION_LEVEL = 0;
				GCC_PREPROCESSOR_DEFINITIONS = (
					"DEBUG=1",
					"$(inherited)",
				);
				GCC_WARN_64_TO_32_BIT_CONVERSION = YES;
				GCC_WARN_ABOUT_RETURN_TYPE = YES_ERROR;
				GCC_WARN_UNDECLARED_SELECTOR = YES;
				GCC_WARN_UNINITIALIZED_AUTOS = YES_AGGRESSIVE;
				GCC_WARN_UNUSED_FUNCTION = YES;
				GCC_WARN_UNUSED_VARIABLE = YES;
				IPHONEOS_DEPLOYMENT_TARGET = 9.0;
				MTL_ENABLE_DEBUG_INFO = YES;
				ONLY_ACTIVE_ARCH = YES;
				SDKROOT = iphoneos;
				SWIFT_OPTIMIZATION_LEVEL = "-Onone";
				TARGETED_DEVICE_FAMILY = "1,2";
			};
			name = Debug;
		};
		C9F0F76D1B75FE3F0047714E /* Release */ = {
			isa = XCBuildConfiguration;
			buildSettings = {
				ALWAYS_SEARCH_USER_PATHS = NO;
				CLANG_CXX_LANGUAGE_STANDARD = "gnu++0x";
				CLANG_CXX_LIBRARY = "libc++";
				CLANG_ENABLE_MODULES = YES;
				CLANG_ENABLE_OBJC_ARC = YES;
				CLANG_WARN_BOOL_CONVERSION = YES;
				CLANG_WARN_CONSTANT_CONVERSION = YES;
				CLANG_WARN_DIRECT_OBJC_ISA_USAGE = YES_ERROR;
				CLANG_WARN_EMPTY_BODY = YES;
				CLANG_WARN_ENUM_CONVERSION = YES;
				CLANG_WARN_INT_CONVERSION = YES;
				CLANG_WARN_OBJC_ROOT_CLASS = YES_ERROR;
				CLANG_WARN_UNREACHABLE_CODE = YES;
				CLANG_WARN__DUPLICATE_METHOD_MATCH = YES;
				"CODE_SIGN_IDENTITY[sdk=iphoneos*]" = "iPhone Developer";
				COPY_PHASE_STRIP = NO;
				DEBUG_INFORMATION_FORMAT = "dwarf-with-dsym";
				ENABLE_NS_ASSERTIONS = NO;
				ENABLE_STRICT_OBJC_MSGSEND = YES;
				GCC_C_LANGUAGE_STANDARD = gnu99;
				GCC_NO_COMMON_BLOCKS = YES;
				GCC_WARN_64_TO_32_BIT_CONVERSION = YES;
				GCC_WARN_ABOUT_RETURN_TYPE = YES_ERROR;
				GCC_WARN_UNDECLARED_SELECTOR = YES;
				GCC_WARN_UNINITIALIZED_AUTOS = YES_AGGRESSIVE;
				GCC_WARN_UNUSED_FUNCTION = YES;
				GCC_WARN_UNUSED_VARIABLE = YES;
				IPHONEOS_DEPLOYMENT_TARGET = 9.0;
				MTL_ENABLE_DEBUG_INFO = NO;
				SDKROOT = iphoneos;
				TARGETED_DEVICE_FAMILY = "1,2";
				VALIDATE_PRODUCT = YES;
			};
			name = Release;
		};
		C9F0F76F1B75FE3F0047714E /* Debug */ = {
			isa = XCBuildConfiguration;
			buildSettings = {
				ASSETCATALOG_COMPILER_APPICON_NAME = AppIcon;
				INFOPLIST_FILE = Sample/Info.plist;
				LD_RUNPATH_SEARCH_PATHS = "$(inherited) @executable_path/Frameworks";
				PRODUCT_BUNDLE_IDENTIFIER = com.kbsvarma.Sample;
				PRODUCT_NAME = "$(TARGET_NAME)";
			};
			name = Debug;
		};
		C9F0F7701B75FE3F0047714E /* Release */ = {
			isa = XCBuildConfiguration;
			buildSettings = {
				ASSETCATALOG_COMPILER_APPICON_NAME = AppIcon;
				INFOPLIST_FILE = Sample/Info.plist;
				LD_RUNPATH_SEARCH_PATHS = "$(inherited) @executable_path/Frameworks";
				PRODUCT_BUNDLE_IDENTIFIER = com.kbsvarma.Sample;
				PRODUCT_NAME = "$(TARGET_NAME)";
			};
			name = Release;
		};
/* End XCBuildConfiguration section */

/* Begin XCConfigurationList section */
		C9F0F7571B75FE3F0047714E /* Build configuration list for PBXProject "Sample" */ = {
			isa = XCConfigurationList;
			buildConfigurations = (
				C9F0F76C1B75FE3F0047714E /* Debug */,
				C9F0F76D1B75FE3F0047714E /* Release */,
			);
			defaultConfigurationIsVisible = 0;
			defaultConfigurationName = Release;
		};
		C9F0F76E1B75FE3F0047714E /* Build configuration list for PBXNativeTarget "Sample" */ = {
			isa = XCConfigurationList;
			buildConfigurations = (
				C9F0F76F1B75FE3F0047714E /* Debug */,
				C9F0F7701B75FE3F0047714E /* Release */,
			);
			defaultConfigurationIsVisible = 0;
		};
/* End XCConfigurationList section */
	};
	rootObject = C9F0F7541B75FE3F0047714E /* Project object */;
}
